
Microsoft Visual Studio Solution File, Format Version 12.00
# Visual Studio Version 17
VisualStudioVersion = 17.14.36301.6
MinimumVisualStudioVersion = 10.0.40219.1
Project("{FAE04EC0-301F-11D3-BF4B-00C04F79EFBC}") = "Moz", "Moz.csproj", "{DF3224F3-AA2F-41F8-A296-FF7887A359AB}"
EndProject
Global
	GlobalSection(SolutionConfigurationPlatforms) = preSolution
		Debug|Any CPU = Debug|Any CPU
		Release|Any CPU = Release|Any CPU
	EndGlobalSection
	GlobalSection(ProjectConfigurationPlatforms) = postSolution
		{DF3224F3-AA2F-41F8-A296-FF7887A359AB}.Debug|Any CPU.ActiveCfg = Debug|Any CPU
		{DF3224F3-AA2F-41F8-A296-FF7887A359AB}.Debug|Any CPU.Build.0 = Debug|Any CPU
		{DF3224F3-AA2F-41F8-A296-FF7887A359AB}.Release|Any CPU.ActiveCfg = Release|Any CPU
		{DF3224F3-AA2F-41F8-A296-FF7887A359AB}.Release|Any CPU.Build.0 = Release|Any CPU
	EndGlobalSection
	GlobalSection(SolutionProperties) = preSolution
		HideSolutionNode = FALSE
	EndGlobalSection
	GlobalSection(ExtensibilityGlobals) = postSolution
		SolutionGuid = {66860200-3123-4CC5-AC9D-699032AF7D6A}
	EndGlobalSection
EndGlobal
